// !$*UTF8*$!
{
	archiveVersion = 1;
	classes = {
	};
	objectVersion = 50;
	objects = {

/* Begin PBXBuildFile section */
		C50F1807242AA57B00F83DA4 /* AppDelegate.m in Sources */ = {isa = PBXBuildFile; fileRef = C50F1806242AA57B00F83DA4 /* AppDelegate.m */; };
		C50F180A242AA57B00F83DA4 /* SceneDelegate.m in Sources */ = {isa = PBXBuildFile; fileRef = C50F1809242AA57B00F83DA4 /* SceneDelegate.m */; };
		C50F1810242AA57B00F83DA4 /* Main.storyboard in Resources */ = {isa = PBXBuildFile; fileRef = C50F180E242AA57B00F83DA4 /* Main.storyboard */; };
		C50F1812242AA57D00F83DA4 /* Assets.xcassets in Resources */ = {isa = PBXBuildFile; fileRef = C50F1811242AA57D00F83DA4 /* Assets.xcassets */; };
		C50F1815242AA57D00F83DA4 /* LaunchScreen.storyboard in Resources */ = {isa = PBXBuildFile; fileRef = C50F1813242AA57D00F83DA4 /* LaunchScreen.storyboard */; };
		C50F1818242AA57D00F83DA4 /* main.m in Sources */ = {isa = PBXBuildFile; fileRef = C50F1817242AA57D00F83DA4 /* main.m */; };
		C50F1822242AAAB700F83DA4 /* JEFCard.m in Sources */ = {isa = PBXBuildFile; fileRef = C50F1821242AAAB700F83DA4 /* JEFCard.m */; };
		C50F1825242AC34800F83DA4 /* JEFCardController.m in Sources */ = {isa = PBXBuildFile; fileRef = C50F1824242AC34800F83DA4 /* JEFCardController.m */; };
		C50F182A242ADC1D00F83DA4 /* JEFCardViewController.swift in Sources */ = {isa = PBXBuildFile; fileRef = C50F1829242ADC1D00F83DA4 /* JEFCardViewController.swift */; };
/* End PBXBuildFile section */

/* Begin PBXFileReference section */
		C50F1802242AA57B00F83DA4 /* DeckOfOneCard.app */ = {isa = PBXFileReference; explicitFileType = wrapper.application; includeInIndex = 0; path = DeckOfOneCard.app; sourceTree = BUILT_PRODUCTS_DIR; };
		C50F1805242AA57B00F83DA4 /* AppDelegate.h */ = {isa = PBXFileReference; lastKnownFileType = sourcecode.c.h; path = AppDelegate.h; sourceTree = "<group>"; };
		C50F1806242AA57B00F83DA4 /* AppDelegate.m */ = {isa = PBXFileReference; lastKnownFileType = sourcecode.c.objc; path = AppDelegate.m; sourceTree = "<group>"; };
		C50F1808242AA57B00F83DA4 /* SceneDelegate.h */ = {isa = PBXFileReference; lastKnownFileType = sourcecode.c.h; path = SceneDelegate.h; sourceTree = "<group>"; };
		C50F1809242AA57B00F83DA4 /* SceneDelegate.m */ = {isa = PBXFileReference; lastKnownFileType = sourcecode.c.objc; path = SceneDelegate.m; sourceTree = "<group>"; };
		C50F180F242AA57B00F83DA4 /* Base */ = {isa = PBXFileReference; lastKnownFileType = file.storyboard; name = Base; path = Base.lproj/Main.storyboard; sourceTree = "<group>"; };
		C50F1811242AA57D00F83DA4 /* Assets.xcassets */ = {isa = PBXFileReference; lastKnownFileType = folder.assetcatalog; path = Assets.xcassets; sourceTree = "<group>"; };
		C50F1814242AA57D00F83DA4 /* Base */ = {isa = PBXFileReference; lastKnownFileType = file.storyboard; name = Base; path = Base.lproj/LaunchScreen.storyboard; sourceTree = "<group>"; };
		C50F1816242AA57D00F83DA4 /* Info.plist */ = {isa = PBXFileReference; lastKnownFileType = text.plist.xml; path = Info.plist; sourceTree = "<group>"; };
		C50F1817242AA57D00F83DA4 /* main.m */ = {isa = PBXFileReference; lastKnownFileType = sourcecode.c.objc; path = main.m; sourceTree = "<group>"; };
		C50F1820242AAAB700F83DA4 /* JEFCard.h */ = {isa = PBXFileReference; lastKnownFileType = sourcecode.c.h; path = JEFCard.h; sourceTree = "<group>"; };
		C50F1821242AAAB700F83DA4 /* JEFCard.m */ = {isa = PBXFileReference; lastKnownFileType = sourcecode.c.objc; path = JEFCard.m; sourceTree = "<group>"; };
		C50F1823242AC34800F83DA4 /* JEFCardController.h */ = {isa = PBXFileReference; lastKnownFileType = sourcecode.c.h; path = JEFCardController.h; sourceTree = "<group>"; };
		C50F1824242AC34800F83DA4 /* JEFCardController.m */ = {isa = PBXFileReference; lastKnownFileType = sourcecode.c.objc; path = JEFCardController.m; sourceTree = "<group>"; };
		C50F1828242ADC1C00F83DA4 /* DeckOfOneCard-Bridging-Header.h */ = {isa = PBXFileReference; lastKnownFileType = sourcecode.c.h; path = "DeckOfOneCard-Bridging-Header.h"; sourceTree = "<group>"; };
		C50F1829242ADC1D00F83DA4 /* JEFCardViewController.swift */ = {isa = PBXFileReference; lastKnownFileType = sourcecode.swift; path = JEFCardViewController.swift; sourceTree = "<group>"; };
/* End PBXFileReference section */

/* Begin PBXFrameworksBuildPhase section */
		C50F17FF242AA57B00F83DA4 /* Frameworks */ = {
			isa = PBXFrameworksBuildPhase;
			buildActionMask = 2147483647;
			files = (
			);
			runOnlyForDeploymentPostprocessing = 0;
		};
/* End PBXFrameworksBuildPhase section */

/* Begin PBXGroup section */
		C50F17F9242AA57B00F83DA4 = {
			isa = PBXGroup;
			children = (
				C50F1804242AA57B00F83DA4 /* DeckOfOneCard */,
				C50F1803242AA57B00F83DA4 /* Products */,
			);
			sourceTree = "<group>";
		};
		C50F1803242AA57B00F83DA4 /* Products */ = {
			isa = PBXGroup;
			children = (
				C50F1802242AA57B00F83DA4 /* DeckOfOneCard.app */,
			);
			name = Products;
			sourceTree = "<group>";
		};
		C50F1804242AA57B00F83DA4 /* DeckOfOneCard */ = {
			isa = PBXGroup;
			children = (
				C50F180E242AA57B00F83DA4 /* Main.storyboard */,
				C50F1827242ADB5800F83DA4 /* Controllers */,
				C50F1826242ADB5200F83DA4 /* Model */,
				C50F181E242AA5F300F83DA4 /* View */,
				C50F181F242AA60E00F83DA4 /* Resources */,
			);
			path = DeckOfOneCard;
			sourceTree = "<group>";
		};
		C50F181E242AA5F300F83DA4 /* View */ = {
			isa = PBXGroup;
			children = (
				C50F1829242ADC1D00F83DA4 /* JEFCardViewController.swift */,
				C50F1828242ADC1C00F83DA4 /* DeckOfOneCard-Bridging-Header.h */,
			);
			path = View;
			sourceTree = "<group>";
		};
		C50F181F242AA60E00F83DA4 /* Resources */ = {
			isa = PBXGroup;
			children = (
				C50F1805242AA57B00F83DA4 /* AppDelegate.h */,
				C50F1806242AA57B00F83DA4 /* AppDelegate.m */,
				C50F1808242AA57B00F83DA4 /* SceneDelegate.h */,
				C50F1809242AA57B00F83DA4 /* SceneDelegate.m */,
				C50F1811242AA57D00F83DA4 /* Assets.xcassets */,
				C50F1813242AA57D00F83DA4 /* LaunchScreen.storyboard */,
				C50F1816242AA57D00F83DA4 /* Info.plist */,
				C50F1817242AA57D00F83DA4 /* main.m */,
			);
			path = Resources;
			sourceTree = "<group>";
		};
		C50F1826242ADB5200F83DA4 /* Model */ = {
			isa = PBXGroup;
			children = (
				C50F1820242AAAB700F83DA4 /* JEFCard.h */,
				C50F1821242AAAB700F83DA4 /* JEFCard.m */,
			);
			path = Model;
			sourceTree = "<group>";
		};
		C50F1827242ADB5800F83DA4 /* Controllers */ = {
			isa = PBXGroup;
			children = (
				C50F1823242AC34800F83DA4 /* JEFCardController.h */,
				C50F1824242AC34800F83DA4 /* JEFCardController.m */,
			);
			path = Controllers;
			sourceTree = "<group>";
		};
/* End PBXGroup section */

/* Begin PBXNativeTarget section */
		C50F1801242AA57B00F83DA4 /* DeckOfOneCard */ = {
			isa = PBXNativeTarget;
			buildConfigurationList = C50F181B242AA57D00F83DA4 /* Build configuration list for PBXNativeTarget "DeckOfOneCard" */;
			buildPhases = (
				C50F17FE242AA57B00F83DA4 /* Sources */,
				C50F17FF242AA57B00F83DA4 /* Frameworks */,
				C50F1800242AA57B00F83DA4 /* Resources */,
			);
			buildRules = (
			);
			dependencies = (
			);
			name = DeckOfOneCard;
			productName = DeckOfOneCard;
			productReference = C50F1802242AA57B00F83DA4 /* DeckOfOneCard.app */;
			productType = "com.apple.product-type.application";
		};
/* End PBXNativeTarget section */

/* Begin PBXProject section */
		C50F17FA242AA57B00F83DA4 /* Project object */ = {
			isa = PBXProject;
			attributes = {
				LastUpgradeCheck = 1130;
				ORGANIZATIONNAME = "Jordan Furr";
				TargetAttributes = {
					C50F1801242AA57B00F83DA4 = {
						CreatedOnToolsVersion = 11.3.1;
						LastSwiftMigration = 1130;
					};
				};
			};
			buildConfigurationList = C50F17FD242AA57B00F83DA4 /* Build configuration list for PBXProject "DeckOfOneCard" */;
			compatibilityVersion = "Xcode 9.3";
			developmentRegion = en;
			hasScannedForEncodings = 0;
			knownRegions = (
				en,
				Base,
			);
			mainGroup = C50F17F9242AA57B00F83DA4;
			productRefGroup = C50F1803242AA57B00F83DA4 /* Products */;
			projectDirPath = "";
			projectRoot = "";
			targets = (
				C50F1801242AA57B00F83DA4 /* DeckOfOneCard */,
			);
		};
/* End PBXProject section */

/* Begin PBXResourcesBuildPhase section */
		C50F1800242AA57B00F83DA4 /* Resources */ = {
			isa = PBXResourcesBuildPhase;
			buildActionMask = 2147483647;
			files = (
				C50F1815242AA57D00F83DA4 /* LaunchScreen.storyboard in Resources */,
				C50F1812242AA57D00F83DA4 /* Assets.xcassets in Resources */,
				C50F1810242AA57B00F83DA4 /* Main.storyboard in Resources */,
			);
			runOnlyForDeploymentPostprocessing = 0;
		};
/* End PBXResourcesBuildPhase section */

/* Begin PBXSourcesBuildPhase section */
		C50F17FE242AA57B00F83DA4 /* Sources */ = {
			isa = PBXSourcesBuildPhase;
			buildActionMask = 2147483647;
			files = (
				C50F1825242AC34800F83DA4 /* JEFCardController.m in Sources */,
				C50F1807242AA57B00F83DA4 /* AppDelegate.m in Sources */,
				C50F1818242AA57D00F83DA4 /* main.m in Sources */,
				C50F180A242AA57B00F83DA4 /* SceneDelegate.m in Sources */,
				C50F182A242ADC1D00F83DA4 /* JEFCardViewController.swift in Sources */,
				C50F1822242AAAB700F83DA4 /* JEFCard.m in Sources */,
			);
			runOnlyForDeploymentPostprocessing = 0;
		};
/* End PBXSourcesBuildPhase section */

/* Begin PBXVariantGroup section */
		C50F180E242AA57B00F83DA4 /* Main.storyboard */ = {
			isa = PBXVariantGroup;
			children = (
				C50F180F242AA57B00F83DA4 /* Base */,
			);
			name = Main.storyboard;
			sourceTree = "<group>";
		};
		C50F1813242AA57D00F83DA4 /* LaunchScreen.storyboard */ = {
			isa = PBXVariantGroup;
			children = (
				C50F1814242AA57D00F83DA4 /* Base */,
			);
			name = LaunchScreen.storyboard;
			sourceTree = "<group>";
		};
/* End PBXVariantGroup section */

/* Begin XCBuildConfiguration section */
		C50F1819242AA57D00F83DA4 /* Debug */ = {
			isa = XCBuildConfiguration;
			buildSettings = {
				ALWAYS_SEARCH_USER_PATHS = NO;
				CLANG_ANALYZER_NONNULL = YES;
				CLANG_ANALYZER_NUMBER_OBJECT_CONVERSION = YES_AGGRESSIVE;
				CLANG_CXX_LANGUAGE_STANDARD = "gnu++14";
				CLANG_CXX_LIBRARY = "libc++";
				CLANG_ENABLE_MODULES = YES;
				CLANG_ENABLE_OBJC_ARC = YES;
				CLANG_ENABLE_OBJC_WEAK = YES;
				CLANG_WARN_BLOCK_CAPTURE_AUTORELEASING = YES;
				CLANG_WARN_BOOL_CONVERSION = YES;
				CLANG_WARN_COMMA = YES;
				CLANG_WARN_CONSTANT_CONVERSION = YES;
				CLANG_WARN_DEPRECATED_OBJC_IMPLEMENTATIONS = YES;
				CLANG_WARN_DIRECT_OBJC_ISA_USAGE = YES_ERROR;
				CLANG_WARN_DOCUMENTATION_COMMENTS = YES;
				CLANG_WARN_EMPTY_BODY = YES;
				CLANG_WARN_ENUM_CONVERSION = YES;
				CLANG_WARN_INFINITE_RECURSION = YES;
				CLANG_WARN_INT_CONVERSION = YES;
				CLANG_WARN_NON_LITERAL_NULL_CONVERSION = YES;
				CLANG_WARN_OBJC_IMPLICIT_RETAIN_SELF = YES;
				CLANG_WARN_OBJC_LITERAL_CONVERSION = YES;
				CLANG_WARN_OBJC_ROOT_CLASS = YES_ERROR;
				CLANG_WARN_RANGE_LOOP_ANALYSIS = YES;
				CLANG_WARN_STRICT_PROTOTYPES = YES;
				CLANG_WARN_SUSPICIOUS_MOVE = YES;
				CLANG_WARN_UNGUARDED_AVAILABILITY = YES_AGGRESSIVE;
				CLANG_WARN_UNREACHABLE_CODE = YES;
				CLANG_WARN__DUPLICATE_METHOD_MATCH = YES;
				COPY_PHASE_STRIP = NO;
				DEBUG_INFORMATION_FORMAT = dwarf;
				ENABLE_STRICT_OBJC_MSGSEND = YES;
				ENABLE_TESTABILITY = YES;
				GCC_C_LANGUAGE_STANDARD = gnu11;
				GCC_DYNAMIC_NO_PIC = NO;
				GCC_NO_COMMON_BLOCKS = YES;
				GCC_OPTIMIZATION_LEVEL = 0;
				GCC_PREPROCESSOR_DEFINITIONS = (
					"DEBUG=1",
					"$(inherited)",
				);
				GCC_WARN_64_TO_32_BIT_CONVERSION = YES;
				GCC_WARN_ABOUT_RETURN_TYPE = YES_ERROR;
				GCC_WARN_UNDECLARED_SELECTOR = YES;
				GCC_WARN_UNINITIALIZED_AUTOS = YES_AGGRESSIVE;
				GCC_WARN_UNUSED_FUNCTION = YES;
				GCC_WARN_UNUSED_VARIABLE = YES;
				IPHONEOS_DEPLOYMENT_TARGET = 13.2;
				MTL_ENABLE_DEBUG_INFO = INCLUDE_SOURCE;
				MTL_FAST_MATH = YES;
				ONLY_ACTIVE_ARCH = YES;
				SDKROOT = iphoneos;
			};
			name = Debug;
		};
		C50F181A242AA57D00F83DA4 /* Release */ = {
			isa = XCBuildConfiguration;
			buildSettings = {
				ALWAYS_SEARCH_USER_PATHS = NO;
				CLANG_ANALYZER_NONNULL = YES;
				CLANG_ANALYZER_NUMBER_OBJECT_CONVERSION = YES_AGGRESSIVE;
				CLANG_CXX_LANGUAGE_STANDARD = "gnu++14";
				CLANG_CXX_LIBRARY = "libc++";
				CLANG_ENABLE_MODULES = YES;
				CLANG_ENABLE_OBJC_ARC = YES;
				CLANG_ENABLE_OBJC_WEAK = YES;
				CLANG_WARN_BLOCK_CAPTURE_AUTORELEASING = YES;
				CLANG_WARN_BOOL_CONVERSION = YES;
				CLANG_WARN_COMMA = YES;
				CLANG_WARN_CONSTANT_CONVERSION = YES;
				CLANG_WARN_DEPRECATED_OBJC_IMPLEMENTATIONS = YES;
				CLANG_WARN_DIRECT_OBJC_ISA_USAGE = YES_ERROR;
				CLANG_WARN_DOCUMENTATION_COMMENTS = YES;
				CLANG_WARN_EMPTY_BODY = YES;
				CLANG_WARN_ENUM_CONVERSION = YES;
				CLANG_WARN_INFINITE_RECURSION = YES;
				CLANG_WARN_INT_CONVERSION = YES;
				CLANG_WARN_NON_LITERAL_NULL_CONVERSION = YES;
				CLANG_WARN_OBJC_IMPLICIT_RETAIN_SELF = YES;
				CLANG_WARN_OBJC_LITERAL_CONVERSION = YES;
				CLANG_WARN_OBJC_ROOT_CLASS = YES_ERROR;
				CLANG_WARN_RANGE_LOOP_ANALYSIS = YES;
				CLANG_WARN_STRICT_PROTOTYPES = YES;
				CLANG_WARN_SUSPICIOUS_MOVE = YES;
				CLANG_WARN_UNGUARDED_AVAILABILITY = YES_AGGRESSIVE;
				CLANG_WARN_UNREACHABLE_CODE = YES;
				CLANG_WARN__DUPLICATE_METHOD_MATCH = YES;
				COPY_PHASE_STRIP = NO;
				DEBUG_INFORMATION_FORMAT = "dwarf-with-dsym";
				ENABLE_NS_ASSERTIONS = NO;
				ENABLE_STRICT_OBJC_MSGSEND = YES;
				GCC_C_LANGUAGE_STANDARD = gnu11;
				GCC_NO_COMMON_BLOCKS = YES;
				GCC_WARN_64_TO_32_BIT_CONVERSION = YES;
				GCC_WARN_ABOUT_RETURN_TYPE = YES_ERROR;
				GCC_WARN_UNDECLARED_SELECTOR = YES;
				GCC_WARN_UNINITIALIZED_AUTOS = YES_AGGRESSIVE;
				GCC_WARN_UNUSED_FUNCTION = YES;
				GCC_WARN_UNUSED_VARIABLE = YES;
				IPHONEOS_DEPLOYMENT_TARGET = 13.2;
				MTL_ENABLE_DEBUG_INFO = NO;
				MTL_FAST_MATH = YES;
				SDKROOT = iphoneos;
				VALIDATE_PRODUCT = YES;
			};
			name = Release;
		};
		C50F181C242AA57D00F83DA4 /* Debug */ = {
			isa = XCBuildConfiguration;
			buildSettings = {
				ASSETCATALOG_COMPILER_APPICON_NAME = AppIcon;
				CLANG_ENABLE_MODULES = YES;
				CODE_SIGN_STYLE = Automatic;
				INFOPLIST_FILE = DeckOfOneCard/Resources/Info.plist;
				LD_RUNPATH_SEARCH_PATHS = (
					"$(inherited)",
					"@executable_path/Frameworks",
				);
				PRODUCT_BUNDLE_IDENTIFIER = com.jordanfurr98.DeckOfOneCard;
				PRODUCT_NAME = "$(TARGET_NAME)";
				SWIFT_OBJC_BRIDGING_HEADER = "DeckOfOneCard/View/DeckOfOneCard-Bridging-Header.h";
				SWIFT_OPTIMIZATION_LEVEL = "-Onone";
				SWIFT_VERSION = 5.0;
				TARGETED_DEVICE_FAMILY = "1,2";
			};
			name = Debug;
		};
		C50F181D242AA57D00F83DA4 /* Release */ = {
			isa = XCBuildConfiguration;
			buildSettings = {
				ASSETCATALOG_COMPILER_APPICON_NAME = AppIcon;
				CLANG_ENABLE_MODULES = YES;
				CODE_SIGN_STYLE = Automatic;
				INFOPLIST_FILE = DeckOfOneCard/Resources/Info.plist;
				LD_RUNPATH_SEARCH_PATHS = (
					"$(inherited)",
					"@executable_path/Frameworks",
				);
				PRODUCT_BUNDLE_IDENTIFIER = com.jordanfurr98.DeckOfOneCard;
				PRODUCT_NAME = "$(TARGET_NAME)";
				SWIFT_OBJC_BRIDGING_HEADER = "DeckOfOneCard/View/DeckOfOneCard-Bridging-Header.h";
				SWIFT_VERSION = 5.0;
				TARGETED_DEVICE_FAMILY = "1,2";
			};
			name = Release;
		};
/* End XCBuildConfiguration section */

/* Begin XCConfigurationList section */
		C50F17FD242AA57B00F83DA4 /* Build configuration list for PBXProject "DeckOfOneCard" */ = {
			isa = XCConfigurationList;
			buildConfigurations = (
				C50F1819242AA57D00F83DA4 /* Debug */,
				C50F181A242AA57D00F83DA4 /* Release */,
			);
			defaultConfigurationIsVisible = 0;
			defaultConfigurationName = Release;
		};
		C50F181B242AA57D00F83DA4 /* Build configuration list for PBXNativeTarget "DeckOfOneCard" */ = {
			isa = XCConfigurationList;
			buildConfigurations = (
				C50F181C242AA57D00F83DA4 /* Debug */,
				C50F181D242AA57D00F83DA4 /* Release */,
			);
			defaultConfigurationIsVisible = 0;
			defaultConfigurationName = Release;
		};
/* End XCConfigurationList section */
	};
	rootObject = C50F17FA242AA57B00F83DA4 /* Project object */;
}
